{
  "nodes": {
    "flake-utils": {
      "locked": {
        "lastModified": 1610051610,
        "narHash": "sha256-U9rPz/usA1/Aohhk7Cmc2gBrEEKRzcW4nwPWMPwja4Y=",
        "owner": "numtide",
        "repo": "flake-utils",
        "rev": "3982c9903e93927c2164caa727cd3f6a0e6d14cc",
        "type": "github"
      },
      "original": {
        "owner": "numtide",
        "repo": "flake-utils",
        "type": "github"
      }
    },
    "home-manager": {
      "inputs": {
        "nixpkgs": [
          "nixpkgs"
        ]
      },
      "locked": {
        "lastModified": 1611323638,
        "narHash": "sha256-+7wm2RH82NYTZjzl0Nw+8E4yyXqVp/6xPdPWHAQXlt8=",
        "owner": "nix-community",
        "repo": "home-manager",
        "rev": "91bd34620d73340be03642279ee0d1c64110ee6c",
        "type": "github"
      },
      "original": {
        "owner": "nix-community",
        "ref": "release-20.09",
        "repo": "home-manager",
        "type": "github"
      }
    },
    "master": {
      "locked": {
        "lastModified": 1612497067,
        "narHash": "sha256-TNJ6BS6LyIaFTJi78jZt4YqDLGNQOvNbW3eFbEyBcq4=",
        "owner": "NixOS",
        "repo": "nixpkgs",
        "rev": "24e5fe6075bc7a137bb701eb8a378f5a8689e10d",
        "type": "github"
      },
      "original": {
        "id": "nixpkgs",
        "ref": "master",
        "type": "indirect"
      }
    },
    "neovim": {
      "inputs": {
        "flake-utils": "flake-utils",
        "nixpkgs": [
          "master"
        ]
      },
      "locked": {
        "dir": "contrib",
        "lastModified": 1612438517,
        "narHash": "sha256-ZukGzlvVVcSo5tcuAYBzAKdT6HVKExe0wDj2iYwHpd4=",
        "owner": "neovim",
        "repo": "neovim",
        "rev": "94cf7bba008ff0c36828565a408b7ef79203e069",
        "type": "github"
      },
      "original": {
        "dir": "contrib",
        "owner": "neovim",
        "repo": "neovim",
        "type": "github"
      }
    },
    "nixpkgs": {
      "locked": {
        "lastModified": 1612459380,
        "narHash": "sha256-tau2wkXjwd+N/skr55dWNS5INN+jNtf8KC4DDqh6yeQ=",
        "owner": "NixOS",
        "repo": "nixpkgs",
        "rev": "17dd592c980f992f55552a76340d62d3954481ca",
        "type": "github"
      },
      "original": {
        "id": "nixpkgs",
        "ref": "release-20.09",
        "type": "indirect"
      }
    },
    "nixpkgs-mozilla": {
      "flake": false,
      "locked": {
        "lastModified": 1603906276,
        "narHash": "sha256-RsNPnEKd7BcogwkqhaV5kI/HuNC4flH/OQCC/4W5y/8=",
        "owner": "mozilla",
        "repo": "nixpkgs-mozilla",
        "rev": "8c007b60731c07dd7a052cce508de3bb1ae849b4",
        "type": "github"
      },
      "original": {
        "owner": "mozilla",
        "repo": "nixpkgs-mozilla",
        "type": "github"
      }
    },
    "root": {
      "inputs": {
        "home-manager": "home-manager",
        "master": "master",
        "neovim": "neovim",
        "nixpkgs": "nixpkgs",
        "nixpkgs-mozilla": "nixpkgs-mozilla"
      }
    }
  },
  "root": "root",
  "version": 7
}
