{
  "nodes": {
    "cachix": {
      "locked": {
        "lastModified": 1624474106,
        "narHash": "sha256-kxD+OiitDL7aZmJ25LgX8stqE5XN5Uz/XC5sSnU/p+A=",
        "owner": "nixos",
        "repo": "nixpkgs",
        "rev": "86d3781c39023e0dd994b305bfd85a2082052014",
        "type": "github"
      },
      "original": {
        "owner": "nixos",
        "ref": "nixos-20.09",
        "repo": "nixpkgs",
        "type": "github"
      }
    },
    "flake-utils": {
      "locked": {
        "lastModified": 1623875721,
        "narHash": "sha256-A8BU7bjS5GirpAUv4QA+QnJ4CceLHkcXdRp4xITDB0s=",
        "owner": "numtide",
        "repo": "flake-utils",
        "rev": "f7e004a55b120c02ecb6219596820fcd32ca8772",
        "type": "github"
      },
      "original": {
        "owner": "numtide",
        "repo": "flake-utils",
        "type": "github"
      }
    },
    "forgit-git": {
      "flake": false,
      "locked": {
        "lastModified": 1624726447,
        "narHash": "sha256-Q+6kEDrnG30R4/HzqiLadgy/SrAv2h7ffqJwl9ELI+0=",
        "owner": "wfxr",
        "repo": "forgit",
        "rev": "c091aab4d33e0ff7a7af67714d0d4d7349460d1c",
        "type": "github"
      },
      "original": {
        "owner": "wfxr",
        "repo": "forgit",
        "type": "github"
      }
    },
    "home-manager": {
      "inputs": {
        "nixpkgs": [
          "nixpkgs"
        ]
      },
      "locked": {
        "lastModified": 1625162737,
        "narHash": "sha256-IzKTw2u/EKVr6TCQYylSAcOnrVRpir3wG3MUHj2LsTc=",
        "owner": "nix-community",
        "repo": "home-manager",
        "rev": "7df6656b113ce0d39c8b7d30915cafe046e1d64e",
        "type": "github"
      },
      "original": {
        "owner": "nix-community",
        "repo": "home-manager",
        "type": "github"
      }
    },
    "nixpkgs": {
      "locked": {
        "lastModified": 1626005514,
        "narHash": "sha256-KEEZIT5oOFbHqN05LQZ64uac7Idlf/cUwJ/Uf4kcpio=",
        "owner": "nixos",
        "repo": "nixpkgs",
        "rev": "30ada3e6aff2ea1731358d511d5e124d64650b6c",
        "type": "github"
      },
      "original": {
        "owner": "nixos",
        "repo": "nixpkgs",
        "type": "github"
      }
    },
    "nixpkgs-mozilla": {
      "flake": false,
      "locked": {
        "lastModified": 1622726979,
        "narHash": "sha256-JCBPZVQ4aGe3cmnQc1tjJRwaxqz1b60piQz+/F9CMtc=",
        "owner": "mozilla",
        "repo": "nixpkgs-mozilla",
        "rev": "3f3fba4e2066f28a1ad7ac60e86a688a92eb5b5f",
        "type": "github"
      },
      "original": {
        "owner": "mozilla",
        "repo": "nixpkgs-mozilla",
        "type": "github"
      }
    },
    "nixpkgs-wayland": {
      "inputs": {
        "cachix": "cachix",
        "nixpkgs": [
          "nixpkgs"
        ]
      },
      "locked": {
        "lastModified": 1625046037,
        "narHash": "sha256-I+qqRcSNFHa+xrF5LLl8vrU4R0Uouj052gl17gTNRaQ=",
        "owner": "colemickens",
        "repo": "nixpkgs-wayland",
        "rev": "03f164c2a5344768c8186989c30045b7c8c7ebf7",
        "type": "github"
      },
      "original": {
        "owner": "colemickens",
        "repo": "nixpkgs-wayland",
        "type": "github"
      }
    },
    "nur": {
      "locked": {
        "lastModified": 1625380446,
        "narHash": "sha256-gi9ysEAH1ib6ddKvjqZmIITRt9veX+0tSLot5Kumn9c=",
        "owner": "nix-community",
        "repo": "NUR",
        "rev": "656c0d41266dfe274200c378e0ac88b85f8a15af",
        "type": "github"
      },
      "original": {
        "owner": "nix-community",
        "repo": "NUR",
        "type": "github"
      }
    },
    "root": {
      "inputs": {
        "forgit-git": "forgit-git",
        "home-manager": "home-manager",
        "nixpkgs": "nixpkgs",
        "nixpkgs-mozilla": "nixpkgs-mozilla",
        "nixpkgs-wayland": "nixpkgs-wayland",
        "nur": "nur",
        "utils": "utils"
      }
    },
    "utils": {
      "inputs": {
        "flake-utils": "flake-utils"
      },
      "locked": {
        "lastModified": 1625842398,
        "narHash": "sha256-oG+a4UMaIgl5cVVB4z3TCd4jNiEjKg2PmUusqeA9kkQ=",
        "owner": "gytis-ivaskevicius",
        "repo": "flake-utils-plus",
        "rev": "d6bbc2ebdefbe9385aabf8ae696b708afaf8cfe1",
        "type": "github"
      },
      "original": {
        "owner": "gytis-ivaskevicius",
        "ref": "staging",
        "repo": "flake-utils-plus",
        "type": "github"
      }
    }
  },
  "root": "root",
  "version": 7
}
