{
  "nodes": {
    "devshell": {
      "inputs": {
        "flake-utils": [
          "utils"
        ],
        "nixpkgs": [
          "nixpkgs"
        ]
      },
      "locked": {
        "lastModified": 1660811669,
        "narHash": "sha256-V6lmsaLNFz41myppL0yxglta92ijkSvpZ+XVygAh+bU=",
        "owner": "numtide",
        "repo": "devshell",
        "rev": "c2feacb46ee69949124c835419861143c4016fb5",
        "type": "github"
      },
      "original": {
        "owner": "numtide",
        "repo": "devshell",
        "type": "github"
      }
    },
    "flake-utils": {
      "locked": {
        "lastModified": 1644229661,
        "narHash": "sha256-1YdnJAsNy69bpcjuoKdOYQX0YxZBiCYZo4Twxerqv7k=",
        "owner": "numtide",
        "repo": "flake-utils",
        "rev": "3cecb5b042f7f209c56ffd8371b2711a290ec797",
        "type": "github"
      },
      "original": {
        "owner": "numtide",
        "repo": "flake-utils",
        "type": "github"
      }
    },
    "forgit-git": {
      "flake": false,
      "locked": {
        "lastModified": 1660668993,
        "narHash": "sha256-TSF4Vr5uf/+MVU4yCdIHNnwB7kkp4mF+hkhKtLqQvmk=",
        "owner": "wfxr",
        "repo": "forgit",
        "rev": "3f50933f047510020428114551da0ee5cdfb32a3",
        "type": "github"
      },
      "original": {
        "owner": "wfxr",
        "repo": "forgit",
        "type": "github"
      }
    },
    "home-manager": {
      "inputs": {
        "nixpkgs": [
          "nixpkgs"
        ],
        "utils": "utils"
      },
      "locked": {
        "lastModified": 1662759269,
        "narHash": "sha256-lt8bAfEZudCQb+MxoNKmenhMTXhu3RCCyLYxU9t5FFk=",
        "owner": "nix-community",
        "repo": "home-manager",
        "rev": "9f7fe353b613d0e45d7a5cdbd1f13c96c15803dd",
        "type": "github"
      },
      "original": {
        "owner": "nix-community",
        "repo": "home-manager",
        "type": "github"
      }
    },
    "nix2vim": {
      "inputs": {
        "flake-utils": [
          "utils"
        ],
        "nixpkgs": [
          "nixpkgs"
        ]
      },
      "locked": {
        "lastModified": 1660420875,
        "narHash": "sha256-pDX/c1Rq/fr4oVNmwLs2cl0JGnxqX8X2tpuHcYc9aHs=",
        "owner": "gytis-ivaskevicius",
        "repo": "nix2vim",
        "rev": "b52f028f5d0d7aea646fbdd5389d887b81c025e6",
        "type": "github"
      },
      "original": {
        "owner": "gytis-ivaskevicius",
        "repo": "nix2vim",
        "type": "github"
      }
    },
    "nixpkgs": {
      "locked": {
        "lastModified": 1662821606,
        "narHash": "sha256-Z9z9iSH+tgJ0iyRcBfEQRwELgjnhpVXsktiWiFe3SuY=",
        "owner": "nixos",
        "repo": "nixpkgs",
        "rev": "93a0067a9c85c17764f7755947e6ecf52dc47d8a",
        "type": "github"
      },
      "original": {
        "owner": "nixos",
        "ref": "nixos-unstable",
        "repo": "nixpkgs",
        "type": "github"
      }
    },
    "root": {
      "inputs": {
        "devshell": "devshell",
        "forgit-git": "forgit-git",
        "home-manager": "home-manager",
        "nix2vim": "nix2vim",
        "nixpkgs": "nixpkgs",
        "unstable": [
          "nixpkgs"
        ],
        "utils": "utils_2"
      }
    },
    "utils": {
      "locked": {
        "lastModified": 1653893745,
        "narHash": "sha256-0jntwV3Z8//YwuOjzhV2sgJJPt+HY6KhU7VZUL0fKZQ=",
        "owner": "numtide",
        "repo": "flake-utils",
        "rev": "1ed9fb1935d260de5fe1c2f7ee0ebaae17ed2fa1",
        "type": "github"
      },
      "original": {
        "owner": "numtide",
        "repo": "flake-utils",
        "type": "github"
      }
    },
    "utils_2": {
      "inputs": {
        "flake-utils": "flake-utils"
      },
      "locked": {
        "lastModified": 1657226504,
        "narHash": "sha256-GIYNjuq4mJlFgqKsZ+YrgzWm0IpA4axA3MCrdKYj7gs=",
        "owner": "gytis-ivaskevicius",
        "repo": "flake-utils-plus",
        "rev": "2bf0f91643c2e5ae38c1b26893ac2927ac9bd82a",
        "type": "github"
      },
      "original": {
        "owner": "gytis-ivaskevicius",
        "repo": "flake-utils-plus",
        "type": "github"
      }
    }
  },
  "root": "root",
  "version": 7
}
